
Microsoft Visual Studio Solution File, Format Version 12.00
# Visual Studio 14
VisualStudioVersion = 14.0.25420.1
MinimumVisualStudioVersion = 10.0.40219.1
Project("{FAE04EC0-301F-11D3-BF4B-00C04F79EFBC}") = "LoadViewDynamicly", "LoadViewDynamicly\LoadViewDynamicly.csproj", "{CD6A1E04-16E4-4349-8DB4-056CDB79418C}"
EndProject
Project("{FAE04EC0-301F-11D3-BF4B-00C04F79EFBC}") = "Reports", "Reports\Reports.csproj", "{8B98A979-BE37-4609-9138-E91032C54E17}"
EndProject
Project("{FAE04EC0-301F-11D3-BF4B-00C04F79EFBC}") = "Core", "Core\Core.csproj", "{F0FD69F2-70E0-4FBE-8BCA-5255CACD9F29}"
EndProject
Global
	GlobalSection(SolutionConfigurationPlatforms) = preSolution
		Debug|Any CPU = Debug|Any CPU
		Release|Any CPU = Release|Any CPU
	EndGlobalSection
	GlobalSection(ProjectConfigurationPlatforms) = postSolution
		{CD6A1E04-16E4-4349-8DB4-056CDB79418C}.Debug|Any CPU.ActiveCfg = Debug|Any CPU
		{CD6A1E04-16E4-4349-8DB4-056CDB79418C}.Debug|Any CPU.Build.0 = Debug|Any CPU
		{CD6A1E04-16E4-4349-8DB4-056CDB79418C}.Release|Any CPU.ActiveCfg = Release|Any CPU
		{CD6A1E04-16E4-4349-8DB4-056CDB79418C}.Release|Any CPU.Build.0 = Release|Any CPU
		{8B98A979-BE37-4609-9138-E91032C54E17}.Debug|Any CPU.ActiveCfg = Debug|Any CPU
		{8B98A979-BE37-4609-9138-E91032C54E17}.Debug|Any CPU.Build.0 = Debug|Any CPU
		{8B98A979-BE37-4609-9138-E91032C54E17}.Release|Any CPU.ActiveCfg = Release|Any CPU
		{8B98A979-BE37-4609-9138-E91032C54E17}.Release|Any CPU.Build.0 = Release|Any CPU
		{F0FD69F2-70E0-4FBE-8BCA-5255CACD9F29}.Debug|Any CPU.ActiveCfg = Debug|Any CPU
		{F0FD69F2-70E0-4FBE-8BCA-5255CACD9F29}.Debug|Any CPU.Build.0 = Debug|Any CPU
		{F0FD69F2-70E0-4FBE-8BCA-5255CACD9F29}.Release|Any CPU.ActiveCfg = Release|Any CPU
		{F0FD69F2-70E0-4FBE-8BCA-5255CACD9F29}.Release|Any CPU.Build.0 = Release|Any CPU
	EndGlobalSection
	GlobalSection(SolutionProperties) = preSolution
		HideSolutionNode = FALSE
	EndGlobalSection
EndGlobal
